
Microsoft Visual Studio Solution File, Format Version 12.00
# Visual Studio Version 16
VisualStudioVersion = 16.0.30225.117
MinimumVisualStudioVersion = 10.0.40219.1
Project("{FAE04EC0-301F-11D3-BF4B-00C04F79EFBC}") = "RockPaperScissors", "RockPaperScissors.csproj", "{698BD712-9214-4883-92B6-5B101C0AFB65}"
EndProject
Global
	GlobalSection(SolutionConfigurationPlatforms) = preSolution
		Debug|Any CPU = Debug|Any CPU
		Release|Any CPU = Release|Any CPU
	EndGlobalSection
	GlobalSection(ProjectConfigurationPlatforms) = postSolution
		{698BD712-9214-4883-92B6-5B101C0AFB65}.Debug|Any CPU.ActiveCfg = Debug|Any CPU
		{698BD712-9214-4883-92B6-5B101C0AFB65}.Debug|Any CPU.Build.0 = Debug|Any CPU
		{698BD712-9214-4883-92B6-5B101C0AFB65}.Release|Any CPU.ActiveCfg = Release|Any CPU
		{698BD712-9214-4883-92B6-5B101C0AFB65}.Release|Any CPU.Build.0 = Release|Any CPU
	EndGlobalSection
	GlobalSection(SolutionProperties) = preSolution
		HideSolutionNode = FALSE
	EndGlobalSection
	GlobalSection(ExtensibilityGlobals) = postSolution
		SolutionGuid = {1F3E5B2A-4272-40F0-84D9-F615C2846C81}
	EndGlobalSection
EndGlobal
